
Microsoft Visual Studio Solution File, Format Version 12.00
# Visual Studio 2012
Project("{FAE04EC0-301F-11D3-BF4B-00C04F79EFBC}") = "CommaDelimitedCookieParser", "CommaDelimitedCookieParser\CommaDelimitedCookieParser.csproj", "{3F0290FB-CF64-4243-9D2F-020850CA58E5}"
EndProject
Project("{FAE04EC0-301F-11D3-BF4B-00C04F79EFBC}") = "CommaDelimitedCookieParser.Test", "CommaDelimitedCookieParser.Test\CommaDelimitedCookieParser.Test.csproj", "{96A96270-7312-49CB-BAFE-BD8314CAC609}"
EndProject
Global
	GlobalSection(SolutionConfigurationPlatforms) = preSolution
		Debug|Any CPU = Debug|Any CPU
		Release|Any CPU = Release|Any CPU
	EndGlobalSection
	GlobalSection(ProjectConfigurationPlatforms) = postSolution
		{3F0290FB-CF64-4243-9D2F-020850CA58E5}.Debug|Any CPU.ActiveCfg = Debug|Any CPU
		{3F0290FB-CF64-4243-9D2F-020850CA58E5}.Debug|Any CPU.Build.0 = Debug|Any CPU
		{3F0290FB-CF64-4243-9D2F-020850CA58E5}.Release|Any CPU.ActiveCfg = Release|Any CPU
		{3F0290FB-CF64-4243-9D2F-020850CA58E5}.Release|Any CPU.Build.0 = Release|Any CPU
		{96A96270-7312-49CB-BAFE-BD8314CAC609}.Debug|Any CPU.ActiveCfg = Debug|Any CPU
		{96A96270-7312-49CB-BAFE-BD8314CAC609}.Debug|Any CPU.Build.0 = Debug|Any CPU
		{96A96270-7312-49CB-BAFE-BD8314CAC609}.Release|Any CPU.ActiveCfg = Release|Any CPU
		{96A96270-7312-49CB-BAFE-BD8314CAC609}.Release|Any CPU.Build.0 = Release|Any CPU
	EndGlobalSection
	GlobalSection(SolutionProperties) = preSolution
		HideSolutionNode = FALSE
	EndGlobalSection
EndGlobal
